#MicroXplorer Configuration settings - do not modify
Mcu.Family=STM32F0
ProjectManager.MainLocation=Src
RCC.I2SFreq_Value=48000000
RCC.MCOFreq_Value=48000000
USB_DEVICE.CLASS_NAME_FS=DFU
RCC.USART1Freq_Value=48000000
ProjectManager.ProjectFileName=BlueTeamCon.ioc
ProjectManager.KeepUserCode=true
Mcu.UserName=STM32F072CBTx
Mcu.PinsNb=11
NVIC.USB_IRQn=true\:0\:0\:false\:false\:true\:false\:true
ProjectManager.NoMain=false
USB_DEVICE.VirtualModeFS=Dfu_FS
RCC.PLLCLKFreq_Value=16000000
ProjectManager.functionlistsort=1-MX_GPIO_Init-GPIO-false-HAL-true,2-SystemClock_Config-RCC-false-HAL-false,3-MX_I2C1_Init-I2C1-false-HAL-true,4-MX_USB_DEVICE_Init-USB_DEVICE-false-HAL-false
PB11.GPIO_Label=S2
VP_USB_DEVICE_VS_USB_DEVICE_DFU_FS.Signal=USB_DEVICE_VS_USB_DEVICE_DFU_FS
PA11.Mode=Device
ProjectManager.DefaultFWLocation=true
RCC.USART2Freq_Value=48000000
PB12.Locked=true
NVIC.SVC_IRQn=true\:0\:0\:false\:false\:true\:false\:false
ProjectManager.DeletePrevious=true
PB10.Locked=true
PB11.Signal=GPIO_Output
VP_USB_DEVICE_VS_USB_DEVICE_DFU_FS.Mode=DFU_FS
USB_DEVICE.IPParameters=VirtualMode,VirtualModeFS,CLASS_NAME_FS
PinOutPanel.RotationAngle=0
RCC.FamilyName=M
RCC.SYSCLKSource=RCC_SYSCLKSOURCE_HSI48
ProjectManager.StackSize=0x400
Mcu.IP4=USB
RCC.FCLKCortexFreq_Value=48000000
Mcu.IP5=USB_DEVICE
Mcu.IP2=RCC
Mcu.IP3=SYS
Mcu.IP0=I2C1
Mcu.IP1=NVIC
PA12.Signal=USB_DP
Mcu.UserConstants=
ProjectManager.TargetToolchain=Makefile
PB10.GPIO_Label=S3
Mcu.ThirdPartyNb=0
RCC.HCLKFreq_Value=48000000
Mcu.IPNb=6
ProjectManager.PreviousToolchain=
PA9.Signal=GPIO_Input
PB2.GPIOParameters=GPIO_Label
PB6.Signal=I2C1_SCL
PB11.GPIOParameters=GPIO_Label
PB6.Mode=I2C
Mcu.Pin6=PA12
Mcu.Pin7=PB6
Mcu.Pin8=PB7
Mcu.Pin9=VP_SYS_VS_Systick
RCC.AHBFreq_Value=48000000
Mcu.Pin0=PB2
Mcu.Pin1=PB10
GPIO.groupedBy=Group By Peripherals
Mcu.Pin2=PB11
PB10.Signal=GPIO_Output
Mcu.Pin3=PB12
Mcu.Pin4=PA9
Mcu.Pin5=PA11
ProjectManager.ProjectBuild=false
PB2.Signal=GPIO_Output
board=custom
NVIC.SysTick_IRQn=true\:0\:0\:false\:false\:true\:false\:true
ProjectManager.LastFirmware=true
PB12.GPIO_Label=S1
RCC.VCOOutput2Freq_Value=8000000
ProjectManager.FirmwarePackage=STM32Cube FW_F0 V1.11.0
MxDb.Version=DB.5.0.60
ProjectManager.BackupPrevious=false
MxCube.Version=5.6.1
File.Version=6
VP_SYS_VS_Systick.Mode=SysTick
PA9.Locked=true
PB7.Signal=I2C1_SDA
NVIC.NonMaskableInt_IRQn=true\:0\:0\:false\:false\:true\:false\:false
NVIC.PendSV_IRQn=true\:0\:0\:false\:false\:true\:false\:false
ProjectManager.FreePins=false
RCC.IPParameters=AHBFreq_Value,APB1Freq_Value,APB1TimFreq_Value,CECFreq_Value,FCLKCortexFreq_Value,FamilyName,HCLKFreq_Value,HSICECFreq_Value,I2SFreq_Value,MCOFreq_Value,PLLCLKFreq_Value,PLLMCOFreq_Value,SYSCLKFreq_VALUE,SYSCLKSource,TimSysFreq_Value,USART1Freq_Value,USART2Freq_Value,VCOOutput2Freq_Value
ProjectManager.AskForMigrate=true
Mcu.Name=STM32F072C(8-B)Tx
ProjectManager.HalAssertFull=false
ProjectManager.ProjectName=BlueTeamCon
ProjectManager.UnderRoot=false
PB2.Locked=true
RCC.HSICECFreq_Value=32786.88524590164
RCC.PLLMCOFreq_Value=16000000
ProjectManager.CoupleFile=false
RCC.SYSCLKFreq_VALUE=48000000
Mcu.Package=LQFP48
RCC.TimSysFreq_Value=48000000
PA12.Mode=Device
NVIC.ForceEnableDMAVector=true
KeepUserPlacement=false
ProjectManager.CompilerOptimize=6
ProjectManager.ToolChainLocation=
VP_SYS_VS_Systick.Signal=SYS_VS_Systick
PB7.Mode=I2C
PA11.Signal=USB_DM
PB2.GPIO_Label=S4
ProjectManager.HeapSize=0x200
NVIC.HardFault_IRQn=true\:0\:0\:false\:false\:true\:false\:false
ProjectManager.ComputerToolchain=false
Mcu.Pin10=VP_USB_DEVICE_VS_USB_DEVICE_DFU_FS
RCC.CECFreq_Value=32786.88524590164
RCC.APB1TimFreq_Value=48000000
PB10.GPIOParameters=GPIO_Label
RCC.APB1Freq_Value=48000000
USB_DEVICE.VirtualMode=Dfu
ProjectManager.CustomerFirmwarePackage=
PB11.Locked=true
ProjectManager.DeviceId=STM32F072CBTx
PB12.GPIOParameters=GPIO_Label
PB12.Signal=GPIO_Output
ProjectManager.LibraryCopy=0
